<?xml version="1.0" encoding="utf-8"?>
<Project ToolsVersion="4.0" xmlns="http://schemas.microsoft.com/developer/msbuild/2003">
  <ItemGroup>
    <Filter Include="#1.DirectX12_REVENGER">
      <UniqueIdentifier>{6fa02631-bc85-43cb-bbc5-6d950f3c72b4}</UniqueIdentifier>
    </Filter>
    <Filter Include="#1.DirectX12_REVENGER\1%29 Animation">
      <UniqueIdentifier>{be3dad80-73e0-44ca-98e5-b8551798fddf}</UniqueIdentifier>
    </Filter>
    <Filter Include="#1.DirectX12_REVENGER\2%29 Billboard">
      <UniqueIdentifier>{239e956e-6925-4b5d-8d08-3c10147104ea}</UniqueIdentifier>
    </Filter>
    <Filter Include="#1.DirectX12_REVENGER\3%29 Collision">
      <UniqueIdentifier>{7d1959b3-78a0-40ca-a1c1-054096f3361c}</UniqueIdentifier>
    </Filter>
    <Filter Include="#1.DirectX12_REVENGER\4%29 FrustumCurring">
      <UniqueIdentifier>{47efbd3a-6e52-4ff3-8983-619467cd4dfe}</UniqueIdentifier>
    </Filter>
    <Filter Include="#1.DirectX12_REVENGER\5%29 Particle">
      <UniqueIdentifier>{9771a2f2-6f73-4be8-b865-c431aae0ae6f}</UniqueIdentifier>
    </Filter>
    <Filter Include="#1.DirectX12_REVENGER\6%29 Shadow">
      <UniqueIdentifier>{f48613d5-0724-4f8a-b7c4-068352e9294d}</UniqueIdentifier>
    </Filter>
    <Filter Include="#2. OpenGL_AvoidPinkMan">
      <UniqueIdentifier>{6fa973d3-c17f-4968-b95f-d71d8714c1c0}</UniqueIdentifier>
    </Filter>
    <Filter Include="#2. OpenGL_AvoidPinkMan\FiletoBuffer">
      <UniqueIdentifier>{20664597-041c-4a67-be7a-e35891bd84bf}</UniqueIdentifier>
    </Filter>
    <Filter Include="#2. OpenGL_AvoidPinkMan\LoadObj">
      <UniqueIdentifier>{30ce4f21-c859-477a-9ee9-ef90486ece2d}</UniqueIdentifier>
    </Filter>
    <Filter Include="#2. OpenGL_AvoidPinkMan\Main">
      <UniqueIdentifier>{17228a78-b282-435b-9602-7080b3655d84}</UniqueIdentifier>
    </Filter>
    <Filter Include="#2. OpenGL_AvoidPinkMan\Shader">
      <UniqueIdentifier>{5861d887-de45-47e2-aed1-1cf7b5afc6f2}</UniqueIdentifier>
    </Filter>
    <Filter Include="#3 Unity_HumanoidWar">
      <UniqueIdentifier>{1367f8ec-b863-4da5-9a01-2f4d168f92ba}</UniqueIdentifier>
    </Filter>
    <Filter Include="#3 Unity_HumanoidWar\Npc">
      <UniqueIdentifier>{59e779f1-4210-4418-b422-c11f9fbb2813}</UniqueIdentifier>
    </Filter>
    <Filter Include="#3 Unity_HumanoidWar\Npc\NpcState">
      <UniqueIdentifier>{b115745d-1402-49af-9f8c-7f27b44a0f3e}</UniqueIdentifier>
    </Filter>
    <Filter Include="#3 Unity_HumanoidWar\Npc\NpcInstantiate">
      <UniqueIdentifier>{e3f8be22-cd18-4285-9ef0-9dfe3b6b8432}</UniqueIdentifier>
    </Filter>
    <Filter Include="#3 Unity_HumanoidWar\Player">
      <UniqueIdentifier>{d616e59b-92bf-45be-b94d-e642bf888eae}</UniqueIdentifier>
    </Filter>
    <Filter Include="#3 Unity_HumanoidWar\Map">
      <UniqueIdentifier>{05725bc5-7167-4701-98ed-7075836e28dc}</UniqueIdentifier>
    </Filter>
    <Filter Include="#4 TCP_Project_AttackRacing">
      <UniqueIdentifier>{e5c9d841-58c4-4f7b-967f-98ad949285a7}</UniqueIdentifier>
    </Filter>
    <Filter Include="#4 TCP_Project_AttackRacing\Server">
      <UniqueIdentifier>{5f0d5dcf-b954-414d-b793-2803895a69b5}</UniqueIdentifier>
    </Filter>
    <Filter Include="#4 TCP_Project_AttackRacing\Client">
      <UniqueIdentifier>{b0c24827-2622-454a-bccb-f84852cf230a}</UniqueIdentifier>
    </Filter>
  </ItemGroup>
  <ItemGroup>
    <Text Include="ShadowShaderCpp.txt">
      <Filter>#1.DirectX12_REVENGER\6%29 Shadow</Filter>
    </Text>
    <Text Include="ShadowShaderHeader.txt">
      <Filter>#1.DirectX12_REVENGER\6%29 Shadow</Filter>
    </Text>
    <Text Include="ShadowShaderHLSL.txt">
      <Filter>#1.DirectX12_REVENGER\6%29 Shadow</Filter>
    </Text>
    <Text Include="ShadowShaderRenderingFunc.txt">
      <Filter>#1.DirectX12_REVENGER\6%29 Shadow</Filter>
    </Text>
    <Text Include="_3DParticlesApplyCpp.txt">
      <Filter>#1.DirectX12_REVENGER\5%29 Particle</Filter>
    </Text>
    <Text Include="FrustomCurring.txt">
      <Filter>#1.DirectX12_REVENGER\4%29 FrustumCurring</Filter>
    </Text>
    <Text Include="Collision_NpcByPlayer.txt">
      <Filter>#1.DirectX12_REVENGER\3%29 Collision</Filter>
    </Text>
    <Text Include="Collision_ParticlesByPlayer.txt">
      <Filter>#1.DirectX12_REVENGER\3%29 Collision</Filter>
    </Text>
    <Text Include="SpriteShaderHLSL.txt">
      <Filter>#1.DirectX12_REVENGER\2%29 Billboard</Filter>
    </Text>
    <Text Include="SpriteAnimationCpp.txt">
      <Filter>#1.DirectX12_REVENGER\2%29 Billboard</Filter>
    </Text>
    <Text Include="BillboardApply.txt">
      <Filter>#1.DirectX12_REVENGER\2%29 Billboard</Filter>
    </Text>
    <Text Include="AnimationObjectAnimateState.txt">
      <Filter>#1.DirectX12_REVENGER\1%29 Animation</Filter>
    </Text>
    <Text Include="AnimationObject.txt">
      <Filter>#1.DirectX12_REVENGER\1%29 Animation</Filter>
    </Text>
    <Text Include="FiletoBufCpp.txt">
      <Filter>#2. OpenGL_AvoidPinkMan\FiletoBuffer</Filter>
    </Text>
    <Text Include="DrawScene.txt">
      <Filter>#2. OpenGL_AvoidPinkMan\Main</Filter>
    </Text>
    <Text Include="ReadTriangleObjCpp.txt">
      <Filter>#2. OpenGL_AvoidPinkMan\LoadObj</Filter>
    </Text>
    <Text Include="NPC_FlyBotCs.txt">
      <Filter>#3 Unity_HumanoidWar\Npc\NpcInstantiate</Filter>
    </Text>
    <Text Include="NPC_HumoidBotCs.txt">
      <Filter>#3 Unity_HumanoidWar\Npc\NpcInstantiate</Filter>
    </Text>
    <Text Include="NPC_MineBotCs.txt">
      <Filter>#3 Unity_HumanoidWar\Npc\NpcInstantiate</Filter>
    </Text>
    <Text Include="NPC_FlyBotStateCs.txt">
      <Filter>#3 Unity_HumanoidWar\Npc\NpcState</Filter>
    </Text>
    <Text Include="NPC_MinBotStateCs.txt">
      <Filter>#3 Unity_HumanoidWar\Npc\NpcState</Filter>
    </Text>
    <Text Include="NPC_HumnoidBotStateCs.txt">
      <Filter>#3 Unity_HumanoidWar\Npc\NpcState</Filter>
    </Text>
    <Text Include="MapCS.txt">
      <Filter>#3 Unity_HumanoidWar\Map</Filter>
    </Text>
    <Text Include="PickingCS.txt">
      <Filter>#3 Unity_HumanoidWar\Player</Filter>
    </Text>
    <Text Include="PlayerCs.txt">
      <Filter>#3 Unity_HumanoidWar\Player</Filter>
    </Text>
    <Text Include="PlayerCollisionEffectCs.txt">
      <Filter>#3 Unity_HumanoidWar\Player</Filter>
    </Text>
    <Text Include="MultiSpriteObjectCpp.txt">
      <Filter>#1.DirectX12_REVENGER\2%29 Billboard</Filter>
    </Text>
    <Text Include="CollisionCheck.txt">
      <Filter>#4 TCP_Project_AttackRacing\Server</Filter>
    </Text>
    <Text Include="ReadMe.txt" />
    <Text Include="LoginPacket.txt">
      <Filter>#4 TCP_Project_AttackRacing\Server</Filter>
    </Text>
    <Text Include="MapandObject.txt">
      <Filter>#4 TCP_Project_AttackRacing\Client</Filter>
    </Text>
  </ItemGroup>
  <ItemGroup>
    <None Include="modelVertexShader.glsl">
      <Filter>#2. OpenGL_AvoidPinkMan\Shader</Filter>
    </None>
    <None Include="vertexlighting.glsl">
      <Filter>#2. OpenGL_AvoidPinkMan\Shader</Filter>
    </None>
    <None Include="VertexTextureShader.glsl">
      <Filter>#2. OpenGL_AvoidPinkMan\Shader</Filter>
    </None>
    <None Include="fragmentBlendShader.glsl">
      <Filter>#2. OpenGL_AvoidPinkMan\Shader</Filter>
    </None>
  </ItemGroup>
</Project>