
Microsoft Visual Studio Solution File, Format Version 12.00
# Visual Studio Version 17
VisualStudioVersion = 17.0.32014.148
MinimumVisualStudioVersion = 10.0.40219.1
Project("{8BC9CEB8-8B4A-11D0-8D11-00A0C91BC942}") = "PvP_TestMode", "PvP_TestMode.vcxproj", "{3FAD6B6D-95F0-4713-B501-E0D302A0B5AA}"
EndProject
Global
	GlobalSection(SolutionConfigurationPlatforms) = preSolution
		Debug|x64 = Debug|x64
		Debug|x86 = Debug|x86
		Release|x64 = Release|x64
		Release|x86 = Release|x86
	EndGlobalSection
	GlobalSection(ProjectConfigurationPlatforms) = postSolution
		{3FAD6B6D-95F0-4713-B501-E0D302A0B5AA}.Debug|x64.ActiveCfg = Debug|x64
		{3FAD6B6D-95F0-4713-B501-E0D302A0B5AA}.Debug|x64.Build.0 = Debug|x64
		{3FAD6B6D-95F0-4713-B501-E0D302A0B5AA}.Debug|x86.ActiveCfg = Debug|Win32
		{3FAD6B6D-95F0-4713-B501-E0D302A0B5AA}.Debug|x86.Build.0 = Debug|Win32
		{3FAD6B6D-95F0-4713-B501-E0D302A0B5AA}.Release|x64.ActiveCfg = Release|x64
		{3FAD6B6D-95F0-4713-B501-E0D302A0B5AA}.Release|x64.Build.0 = Release|x64
		{3FAD6B6D-95F0-4713-B501-E0D302A0B5AA}.Release|x86.ActiveCfg = Release|Win32
		{3FAD6B6D-95F0-4713-B501-E0D302A0B5AA}.Release|x86.Build.0 = Release|Win32
	EndGlobalSection
	GlobalSection(SolutionProperties) = preSolution
		HideSolutionNode = FALSE
	EndGlobalSection
	GlobalSection(ExtensibilityGlobals) = postSolution
		SolutionGuid = {24EDE363-45EB-476D-BE6D-EB5A3042D0B2}
	EndGlobalSection
EndGlobal
