<?xml version="1.0" encoding="utf-8"?>
<Project ToolsVersion="4.0" xmlns="http://schemas.microsoft.com/developer/msbuild/2003">
  <ItemGroup>
    <Filter Include="#1.DirectX12_REVENGER">
      <UniqueIdentifier>{d9b01351-7eec-4d9e-bb46-a2340012583a}</UniqueIdentifier>
    </Filter>
    <Filter Include="#1.DirectX12_REVENGER\Server-Client">
      <UniqueIdentifier>{e4de75b0-5b22-4502-ba6c-ccdb2359ffe8}</UniqueIdentifier>
    </Filter>
    <Filter Include="#1.DirectX12_REVENGER\Shadow">
      <UniqueIdentifier>{8ac2d185-6150-4213-bb61-cf472ecd07f7}</UniqueIdentifier>
    </Filter>
    <Filter Include="#1.DirectX12_REVENGER\Particle">
      <UniqueIdentifier>{f7bc4d11-881b-43d8-b1f0-59353a99953e}</UniqueIdentifier>
    </Filter>
    <Filter Include="#1.DirectX12_REVENGER\Collision">
      <UniqueIdentifier>{dabb569f-4fb6-48e3-93cf-68fcaf1cc3aa}</UniqueIdentifier>
    </Filter>
    <Filter Include="#1.DirectX12_REVENGER\FrustomCurring">
      <UniqueIdentifier>{37bd311c-6793-4bb1-a1c5-9f623bdd17d6}</UniqueIdentifier>
    </Filter>
    <Filter Include="#1.DirectX12_REVENGER\Animation">
      <UniqueIdentifier>{484b1b20-3232-4e46-82e6-3844b4566412}</UniqueIdentifier>
    </Filter>
    <Filter Include="#1.DirectX12_REVENGER\Billboard">
      <UniqueIdentifier>{befc6cb5-1fbf-479f-9b43-e67a31c59e50}</UniqueIdentifier>
    </Filter>
    <Filter Include="#1.DirectX12_REVENGER\Billboard\SpriteAnimation">
      <UniqueIdentifier>{8b108e9d-366d-4b67-a62e-b3be277ab0d8}</UniqueIdentifier>
    </Filter>
    <Filter Include="#1.DirectX12_REVENGER\SceneState">
      <UniqueIdentifier>{952af58b-b5f4-434e-ac32-9f4f1bc07cc9}</UniqueIdentifier>
    </Filter>
    <Filter Include="#2.Unity_HumoidWar">
      <UniqueIdentifier>{e0ed9f75-1438-4853-93ce-f597f5b731e9}</UniqueIdentifier>
    </Filter>
    <Filter Include="#2.Unity_HumoidWar\Script">
      <UniqueIdentifier>{b2e6e8a7-fd4d-4605-aa0d-0d54d6536379}</UniqueIdentifier>
    </Filter>
    <Filter Include="#2.Unity_HumoidWar\Script\NPCInstantiate">
      <UniqueIdentifier>{9e5dbe35-77f7-4176-a7f3-20eda74e0ff9}</UniqueIdentifier>
    </Filter>
    <Filter Include="#2.Unity_HumoidWar\Script\NPCState">
      <UniqueIdentifier>{d22f5f0f-8652-4512-87bb-426d9ad58b3c}</UniqueIdentifier>
    </Filter>
    <Filter Include="#2.Unity_HumoidWar\Script\Player">
      <UniqueIdentifier>{58fe0c0d-dde6-4c4f-9d6e-f19df4aae176}</UniqueIdentifier>
    </Filter>
    <Filter Include="#3.TCP_Project_AttackRacing">
      <UniqueIdentifier>{11f7eeda-34d0-4da9-be29-ae80a2b75a5d}</UniqueIdentifier>
    </Filter>
    <Filter Include="#3.TCP_Project_AttackRacing\Client">
      <UniqueIdentifier>{c3e661eb-e0a4-490e-8e70-b6440bd2ca9f}</UniqueIdentifier>
    </Filter>
    <Filter Include="#3.TCP_Project_AttackRacing\Server">
      <UniqueIdentifier>{69bb3208-ad92-4314-99d0-3530efe85f0c}</UniqueIdentifier>
    </Filter>
    <Filter Include="#4.OpenGL_AvoidPinkMan">
      <UniqueIdentifier>{710b52b7-af32-418c-81de-72e4f90ece2f}</UniqueIdentifier>
    </Filter>
    <Filter Include="#4.OpenGL_AvoidPinkMan\Shader">
      <UniqueIdentifier>{667eb87b-8591-4b61-a470-fe7aa57f9901}</UniqueIdentifier>
    </Filter>
    <Filter Include="#4.OpenGL_AvoidPinkMan\filetobuffer">
      <UniqueIdentifier>{9ed1dda7-cb74-4c96-b672-e4aa5313add6}</UniqueIdentifier>
    </Filter>
    <Filter Include="#4.OpenGL_AvoidPinkMan\Main">
      <UniqueIdentifier>{c25c4433-3f02-460b-9c71-125040666904}</UniqueIdentifier>
    </Filter>
    <Filter Include="#4.OpenGL_AvoidPinkMan\LoadObj">
      <UniqueIdentifier>{1ebed61c-75a3-4abd-af89-89714aa9208c}</UniqueIdentifier>
    </Filter>
  </ItemGroup>
  <ItemGroup>
    <Text Include="ShadowShaderCpp.txt">
      <Filter>#1.DirectX12_REVENGER\Shadow</Filter>
    </Text>
    <Text Include="ShadowShaderRenderingFunc.txt">
      <Filter>#1.DirectX12_REVENGER\Shadow</Filter>
    </Text>
    <Text Include="ShadowShaderHLSL.txt">
      <Filter>#1.DirectX12_REVENGER\Shadow</Filter>
    </Text>
    <Text Include="ShadowShaderHeader.txt">
      <Filter>#1.DirectX12_REVENGER\Shadow</Filter>
    </Text>
    <Text Include="_3DParticlesApplyCpp.txt">
      <Filter>#1.DirectX12_REVENGER\Particle</Filter>
    </Text>
    <Text Include="AnimationObject.txt">
      <Filter>#1.DirectX12_REVENGER\Animation</Filter>
    </Text>
    <Text Include="AnimationObjectAnimateState.txt">
      <Filter>#1.DirectX12_REVENGER\Animation</Filter>
    </Text>
    <Text Include="FrustomCurring.txt">
      <Filter>#1.DirectX12_REVENGER\FrustomCurring</Filter>
    </Text>
    <Text Include="Collision_NpcByPlayer.txt">
      <Filter>#1.DirectX12_REVENGER\Collision</Filter>
    </Text>
    <Text Include="Collision_ParticlesByPlayer.txt">
      <Filter>#1.DirectX12_REVENGER\Collision</Filter>
    </Text>
    <Text Include="Server-Client_Send-Recv.txt">
      <Filter>#1.DirectX12_REVENGER\Server-Client</Filter>
    </Text>
    <Text Include="FiletoBufCpp.txt">
      <Filter>#4.OpenGL_AvoidPinkMan\filetobuffer</Filter>
    </Text>
    <Text Include="ReadTriangleObjCpp.txt">
      <Filter>#4.OpenGL_AvoidPinkMan\LoadObj</Filter>
    </Text>
    <Text Include="DrawScene.txt">
      <Filter>#4.OpenGL_AvoidPinkMan\Main</Filter>
    </Text>
    <Text Include="BillboardApply.txt">
      <Filter>#1.DirectX12_REVENGER\Billboard</Filter>
    </Text>
    <Text Include="SpriteAnimationCpp.txt">
      <Filter>#1.DirectX12_REVENGER\Billboard\SpriteAnimation</Filter>
    </Text>
    <Text Include="MultiSpriteObjectCpp.txt">
      <Filter>#1.DirectX12_REVENGER\Billboard\SpriteAnimation</Filter>
    </Text>
    <Text Include="SpriteShaderHLSL.txt">
      <Filter>#1.DirectX12_REVENGER\Billboard\SpriteAnimation</Filter>
    </Text>
    <Text Include="Map_Terrain-Object.txt">
      <Filter>#3.TCP_Project_AttackRacing\Client</Filter>
    </Text>
    <Text Include="MapCS.txt">
      <Filter>#2.Unity_HumoidWar\Script</Filter>
    </Text>
    <Text Include="PickingCS.txt">
      <Filter>#2.Unity_HumoidWar\Script</Filter>
    </Text>
    <Text Include="NPC_FlyBotCs.txt">
      <Filter>#2.Unity_HumoidWar\Script\NPCInstantiate</Filter>
    </Text>
    <Text Include="NPC_MineBotCs.txt">
      <Filter>#2.Unity_HumoidWar\Script\NPCInstantiate</Filter>
    </Text>
    <Text Include="NPC_HumoidBotCs.txt">
      <Filter>#2.Unity_HumoidWar\Script\NPCInstantiate</Filter>
    </Text>
    <Text Include="NPC_MinBotStateCs.txt">
      <Filter>#2.Unity_HumoidWar\Script\NPCState</Filter>
    </Text>
    <Text Include="NPC_FlyBotStateCs.txt">
      <Filter>#2.Unity_HumoidWar\Script\NPCState</Filter>
    </Text>
    <Text Include="NPC_HumnoidBotStateCs.txt">
      <Filter>#2.Unity_HumoidWar\Script\NPCState</Filter>
    </Text>
    <Text Include="PlayerCollisionEffectCs.txt">
      <Filter>#2.Unity_HumoidWar\Script\Player</Filter>
    </Text>
    <Text Include="ChangeScene.txt">
      <Filter>#1.DirectX12_REVENGER\SceneState</Filter>
    </Text>
  </ItemGroup>
  <ItemGroup>
    <None Include="C:\Users\재성\source\repos\FINALTEAMPROJECT\modelVertexShader.glsl">
      <Filter>#4.OpenGL_AvoidPinkMan\Shader</Filter>
    </None>
    <None Include="C:\Users\재성\source\repos\FINALTEAMPROJECT\vertexlighting.glsl">
      <Filter>#4.OpenGL_AvoidPinkMan\Shader</Filter>
    </None>
    <None Include="C:\Users\재성\source\repos\FINALTEAMPROJECT\VertexTextureShader.glsl">
      <Filter>#4.OpenGL_AvoidPinkMan\Shader</Filter>
    </None>
    <None Include="C:\Users\재성\source\repos\FINALTEAMPROJECT\fragmentBlendShader.glsl">
      <Filter>#4.OpenGL_AvoidPinkMan\Shader</Filter>
    </None>
  </ItemGroup>
  <ItemGroup>
    <ClCompile Include="CollsionCheck.txt">
      <Filter>#3.TCP_Project_AttackRacing\Server</Filter>
    </ClCompile>
    <ClCompile Include="LoginPacket.txt">
      <Filter>#3.TCP_Project_AttackRacing\Server</Filter>
    </ClCompile>
    <ClCompile Include="PlayerCs.txt">
      <Filter>#2.Unity_HumoidWar\Script\Player</Filter>
    </ClCompile>
  </ItemGroup>
</Project>