<?xml version="1.0" encoding="utf-8"?>
<Project ToolsVersion="4.0" xmlns="http://schemas.microsoft.com/developer/msbuild/2003">
  <ItemGroup>
    <Filter Include="Client">
      <UniqueIdentifier>{4FC737F1-C7A5-4376-A066-2A32D752A2FF}</UniqueIdentifier>
      <Extensions>cpp;c;cc;cxx;c++;cppm;ixx;def;odl;idl;hpj;bat;asm;asmx</Extensions>
    </Filter>
    <Filter Include="Client\Camera">
      <UniqueIdentifier>{09ddcce5-54ff-49cb-84c2-b3a8bc6a34d2}</UniqueIdentifier>
    </Filter>
    <Filter Include="Client\Asset">
      <UniqueIdentifier>{c6a4cb56-57ae-4683-919b-d2a3880debd8}</UniqueIdentifier>
    </Filter>
    <Filter Include="Client\Object">
      <UniqueIdentifier>{c48352f1-0e87-4d6d-848b-fc7a6828a6a9}</UniqueIdentifier>
    </Filter>
    <Filter Include="Server">
      <UniqueIdentifier>{1b96aeee-c358-4514-9e17-9f25af0d59ea}</UniqueIdentifier>
    </Filter>
    <Filter Include="Client\Mesh">
      <UniqueIdentifier>{4999696d-4cb9-4c99-bea7-6e90042caa80}</UniqueIdentifier>
    </Filter>
    <Filter Include="Client\Shader">
      <UniqueIdentifier>{9a4db5e9-afe9-44b8-9be9-9d304b31f098}</UniqueIdentifier>
    </Filter>
    <Filter Include="Client\Scene">
      <UniqueIdentifier>{6530918d-57a1-4dcf-a488-ee51e93937a1}</UniqueIdentifier>
    </Filter>
    <Filter Include="Client\Asset\Sound">
      <UniqueIdentifier>{aea36081-333a-47f5-96ab-f960b04f27ae}</UniqueIdentifier>
    </Filter>
    <Filter Include="Client\Time">
      <UniqueIdentifier>{9603b86e-cb7d-4acc-a13d-02951cc4695c}</UniqueIdentifier>
    </Filter>
    <Filter Include="PCH">
      <UniqueIdentifier>{09aef65c-3f33-4596-b2ff-2aa25d4bb875}</UniqueIdentifier>
    </Filter>
    <Filter Include="Client\Player">
      <UniqueIdentifier>{323079bb-a56b-44b4-b8e4-72c818a8e043}</UniqueIdentifier>
    </Filter>
    <Filter Include="Main">
      <UniqueIdentifier>{33417715-ffdb-431d-ad52-650e8cbcb287}</UniqueIdentifier>
    </Filter>
    <Filter Include="Client\Framework">
      <UniqueIdentifier>{85611613-21b5-4e9e-bcc9-59d4f84407de}</UniqueIdentifier>
    </Filter>
    <Filter Include="Resource_File">
      <UniqueIdentifier>{67DA6AB6-F800-4c08-8B7A-83BB121AAD01}</UniqueIdentifier>
      <Extensions>rc;ico;cur;bmp;dlg;rc2;rct;bin;rgs;gif;jpg;jpeg;jpe;resx;tiff;tif;png;wav;mfcribbon-ms</Extensions>
    </Filter>
    <Filter Include="Client\Mesh\Terrain">
      <UniqueIdentifier>{cd34f57f-ab47-4991-ac20-a99170f94348}</UniqueIdentifier>
    </Filter>
    <Filter Include="Client\Mesh\Skybox">
      <UniqueIdentifier>{2db91bd7-c46e-4587-be4e-c7f37e643fd3}</UniqueIdentifier>
    </Filter>
    <Filter Include="Client\Mesh\Particle">
      <UniqueIdentifier>{d66ab2c7-b1aa-4055-acda-3466badef671}</UniqueIdentifier>
    </Filter>
    <Filter Include="Client\Player\PlayerInfo">
      <UniqueIdentifier>{0bc0e2fa-1aad-46f2-a040-c536c00f38ae}</UniqueIdentifier>
    </Filter>
    <Filter Include="Client\Player\MainPlayer">
      <UniqueIdentifier>{639d266d-d7fe-477d-9d4a-16f77165d955}</UniqueIdentifier>
    </Filter>
    <Filter Include="Client\Shader\Terrain">
      <UniqueIdentifier>{479d8c85-a6e3-456b-9c76-c7b3805191ed}</UniqueIdentifier>
    </Filter>
    <Filter Include="Client\Shader\ObjectInfo">
      <UniqueIdentifier>{b0797179-c778-4772-9223-167dc279bb60}</UniqueIdentifier>
    </Filter>
    <Filter Include="Client\Shader\Billboard">
      <UniqueIdentifier>{b8319479-ce09-44f9-9df6-87fe2d3a02f6}</UniqueIdentifier>
    </Filter>
    <Filter Include="Client\Shader\Particle">
      <UniqueIdentifier>{42f90ba0-2cc8-4761-aefd-26701609ebf8}</UniqueIdentifier>
    </Filter>
    <Filter Include="Client\Shader\Outline">
      <UniqueIdentifier>{c4ed4df0-6f8e-483c-9d74-a31d9fdb417a}</UniqueIdentifier>
    </Filter>
    <Filter Include="Client\Shader\DynamicMapping">
      <UniqueIdentifier>{387a3791-76ca-4ae6-84aa-f1618f833a80}</UniqueIdentifier>
    </Filter>
    <Filter Include="Client\Mesh\BaseMesh">
      <UniqueIdentifier>{c0d68fee-aaee-4a4f-ae11-da1da38ad196}</UniqueIdentifier>
    </Filter>
    <Filter Include="Client\Object\BaseObject">
      <UniqueIdentifier>{4fd83b16-814f-4bb5-be17-812a1f314d3d}</UniqueIdentifier>
    </Filter>
    <Filter Include="Client\Shader\BaseShader">
      <UniqueIdentifier>{e4f702b1-e057-420d-a141-9905ed753e36}</UniqueIdentifier>
    </Filter>
    <Filter Include="Client\UI">
      <UniqueIdentifier>{a091a4e2-7e24-4dae-a168-0cefab3c2655}</UniqueIdentifier>
    </Filter>
  </ItemGroup>
  <ItemGroup>
    <ClInclude Include="Camera.h">
      <Filter>Client\Camera</Filter>
    </ClInclude>
    <ClInclude Include="Network.h">
      <Filter>Server</Filter>
    </ClInclude>
    <ClInclude Include="ObjectsInfo.h">
      <Filter>Server</Filter>
    </ClInclude>
    <ClInclude Include="..\..\..\Server\Server\protocol.h">
      <Filter>Server</Filter>
    </ClInclude>
    <ClInclude Include="Scene.h">
      <Filter>Client\Scene</Filter>
    </ClInclude>
    <ClInclude Include="GameSound.h">
      <Filter>Client\Asset\Sound</Filter>
    </ClInclude>
    <ClInclude Include="Timer.h">
      <Filter>Client\Time</Filter>
    </ClInclude>
    <ClInclude Include="stdafx.h">
      <Filter>PCH</Filter>
    </ClInclude>
    <ClInclude Include="DDSTextureLoader12.h">
      <Filter>PCH</Filter>
    </ClInclude>
    <ClInclude Include="d3dx12.h">
      <Filter>PCH</Filter>
    </ClInclude>
    <ClInclude Include="Scenario1-[Dog_fight].h">
      <Filter>Main</Filter>
    </ClInclude>
    <ClInclude Include="GameFramework.h">
      <Filter>Client\Framework</Filter>
    </ClInclude>
    <ClInclude Include="HeightMapMesh.h">
      <Filter>Client\Mesh\Terrain</Filter>
    </ClInclude>
    <ClInclude Include="SkyboxMesh.h">
      <Filter>Client\Mesh\Skybox</Filter>
    </ClInclude>
    <ClInclude Include="ParticleMesh.h">
      <Filter>Client\Mesh\Particle</Filter>
    </ClInclude>
    <ClInclude Include="Player.h">
      <Filter>Client\Player\PlayerInfo</Filter>
    </ClInclude>
    <ClInclude Include="MainPlayer.h">
      <Filter>Client\Player\MainPlayer</Filter>
    </ClInclude>
    <ClInclude Include="TerrainShader.h">
      <Filter>Client\Shader\Terrain</Filter>
    </ClInclude>
    <ClInclude Include="BillboardShader.h">
      <Filter>Client\Shader\Billboard</Filter>
    </ClInclude>
    <ClInclude Include="ObjectShader.h">
      <Filter>Client\Shader\ObjectInfo</Filter>
    </ClInclude>
    <ClInclude Include="ParticleShader.h">
      <Filter>Client\Shader\Particle</Filter>
    </ClInclude>
    <ClInclude Include="HelicopterObjectShader.h">
      <Filter>Client\Shader\ObjectInfo</Filter>
    </ClInclude>
    <ClInclude Include="OutlineShader.h">
      <Filter>Client\Shader\Outline</Filter>
    </ClInclude>
    <ClInclude Include="DynamicMappingShader.h">
      <Filter>Client\Shader\DynamicMapping</Filter>
    </ClInclude>
    <ClInclude Include="ParticleObejct.h">
      <Filter>Client\Object</Filter>
    </ClInclude>
    <ClInclude Include="DynamicMappingObject.h">
      <Filter>Client\Object</Filter>
    </ClInclude>
    <ClInclude Include="BillboardObject.h">
      <Filter>Client\Object</Filter>
    </ClInclude>
    <ClInclude Include="TerrainObject.h">
      <Filter>Client\Object</Filter>
    </ClInclude>
    <ClInclude Include="MissileObject.h">
      <Filter>Client\Object</Filter>
    </ClInclude>
    <ClInclude Include="Mesh.h">
      <Filter>Client\Mesh\BaseMesh</Filter>
    </ClInclude>
    <ClInclude Include="Vertex.h">
      <Filter>Client\Mesh\BaseMesh</Filter>
    </ClInclude>
    <ClInclude Include="Shader.h">
      <Filter>Client\Shader\BaseShader</Filter>
    </ClInclude>
    <ClInclude Include="HelicopterObejct.h">
      <Filter>Client\Object</Filter>
    </ClInclude>
    <ClInclude Include="Object.h">
      <Filter>Client\Object\BaseObject</Filter>
    </ClInclude>
    <ClInclude Include="SkyboxObject.h">
      <Filter>Client\Object</Filter>
    </ClInclude>
    <ClInclude Include="HumanPlayer.h">
      <Filter>Client\Player\MainPlayer</Filter>
    </ClInclude>
    <ClInclude Include="UILayer.h">
      <Filter>Client\UI</Filter>
    </ClInclude>
  </ItemGroup>
  <ItemGroup>
    <ClCompile Include="Camera.cpp">
      <Filter>Client\Camera</Filter>
    </ClCompile>
    <ClCompile Include="Scene.cpp">
      <Filter>Client\Scene</Filter>
    </ClCompile>
    <ClCompile Include="GameSound.cpp">
      <Filter>Client\Asset\Sound</Filter>
    </ClCompile>
    <ClCompile Include="Timer.cpp">
      <Filter>Client\Time</Filter>
    </ClCompile>
    <ClCompile Include="stdafx.cpp">
      <Filter>PCH</Filter>
    </ClCompile>
    <ClCompile Include="DDSTextureLoader12.cpp">
      <Filter>PCH</Filter>
    </ClCompile>
    <ClCompile Include="Scenario1-[Dog_fight].cpp">
      <Filter>Main</Filter>
    </ClCompile>
    <ClCompile Include="GameFramework.cpp">
      <Filter>Client\Framework</Filter>
    </ClCompile>
    <ClCompile Include="HeightMapMesh.cpp">
      <Filter>Client\Mesh\Terrain</Filter>
    </ClCompile>
    <ClCompile Include="SkyboxMesh.cpp">
      <Filter>Client\Mesh\Skybox</Filter>
    </ClCompile>
    <ClCompile Include="ParticleMesh.cpp">
      <Filter>Client\Mesh\Particle</Filter>
    </ClCompile>
    <ClCompile Include="Player.cpp">
      <Filter>Client\Player\PlayerInfo</Filter>
    </ClCompile>
    <ClCompile Include="MainPlayer.cpp">
      <Filter>Client\Player\MainPlayer</Filter>
    </ClCompile>
    <ClCompile Include="TerrainShader.cpp">
      <Filter>Client\Shader\Terrain</Filter>
    </ClCompile>
    <ClCompile Include="BillboardShader.cpp">
      <Filter>Client\Shader\Billboard</Filter>
    </ClCompile>
    <ClCompile Include="ObjectShader.cpp">
      <Filter>Client\Shader\ObjectInfo</Filter>
    </ClCompile>
    <ClCompile Include="ParticleShader.cpp">
      <Filter>Client\Shader\Particle</Filter>
    </ClCompile>
    <ClCompile Include="HelicopterObjectShader.cpp">
      <Filter>Client\Shader\ObjectInfo</Filter>
    </ClCompile>
    <ClCompile Include="OutlineShader.cpp">
      <Filter>Client\Shader\Outline</Filter>
    </ClCompile>
    <ClCompile Include="DynamicMappingShader.cpp">
      <Filter>Client\Shader\DynamicMapping</Filter>
    </ClCompile>
    <ClCompile Include="ParticleObejct.cpp">
      <Filter>Client\Object</Filter>
    </ClCompile>
    <ClCompile Include="DynamicMappingObject.cpp">
      <Filter>Client\Object</Filter>
    </ClCompile>
    <ClCompile Include="BillboardObject.cpp">
      <Filter>Client\Object</Filter>
    </ClCompile>
    <ClCompile Include="TerrainObject.cpp">
      <Filter>Client\Object</Filter>
    </ClCompile>
    <ClCompile Include="MissileObject.cpp">
      <Filter>Client\Object</Filter>
    </ClCompile>
    <ClCompile Include="Object.cpp">
      <Filter>Client\Object\BaseObject</Filter>
    </ClCompile>
    <ClCompile Include="Mesh.cpp">
      <Filter>Client\Mesh\BaseMesh</Filter>
    </ClCompile>
    <ClCompile Include="Shader.cpp">
      <Filter>Client\Shader\BaseShader</Filter>
    </ClCompile>
    <ClCompile Include="HelicopterObejct.cpp">
      <Filter>Client\Object</Filter>
    </ClCompile>
    <ClCompile Include="SkyboxObject.cpp">
      <Filter>Client\Object</Filter>
    </ClCompile>
    <ClCompile Include="HumanPlayer.cpp">
      <Filter>Client\Player\MainPlayer</Filter>
    </ClCompile>
    <ClCompile Include="UILayer.cpp">
      <Filter>Client\UI</Filter>
    </ClCompile>
  </ItemGroup>
  <ItemGroup>
    <ResourceCompile Include="Scenario1-[Dog_fight].rc">
      <Filter>Resource_File</Filter>
    </ResourceCompile>
  </ItemGroup>
  <ItemGroup>
    <Image Include="small.ico">
      <Filter>Resource_File</Filter>
    </Image>
    <Image Include="Scenario1-[Dog_fight].ico">
      <Filter>Resource_File</Filter>
    </Image>
  </ItemGroup>
  <ItemGroup>
    <FxCompile Include="Light.hlsl">
      <Filter>Client\Asset</Filter>
    </FxCompile>
    <FxCompile Include="Shaders.hlsl">
      <Filter>Client\Asset</Filter>
    </FxCompile>
  </ItemGroup>
</Project>