<?xml version="1.0" encoding="utf-8"?>
<Project ToolsVersion="4.0" xmlns="http://schemas.microsoft.com/developer/msbuild/2003">
  <ItemGroup>
    <Filter Include="Client">
      <UniqueIdentifier>{3197b7ee-e4f2-4cbf-941e-d608de2943db}</UniqueIdentifier>
    </Filter>
    <Filter Include="Resource_File">
      <UniqueIdentifier>{67DA6AB6-F800-4c08-8B7A-83BB121AAD01}</UniqueIdentifier>
      <Extensions>rc;ico;cur;bmp;dlg;rc2;rct;bin;rgs;gif;jpg;jpeg;jpe;resx;tiff;tif;png;wav;mfcribbon-ms</Extensions>
    </Filter>
    <Filter Include="Asset">
      <UniqueIdentifier>{59fe827f-5c04-4275-85ae-5bf11ace09d7}</UniqueIdentifier>
    </Filter>
    <Filter Include="Client\Camera">
      <UniqueIdentifier>{9e5e132e-8a8e-49cb-8bb5-c9ad93d736e4}</UniqueIdentifier>
    </Filter>
    <Filter Include="Client\FrameWork">
      <UniqueIdentifier>{c59e3a0d-d6ed-4e11-8884-2345512cf8b0}</UniqueIdentifier>
    </Filter>
    <Filter Include="Client\Main">
      <UniqueIdentifier>{e4c8b070-2116-4576-a27b-b96fcb10a6e0}</UniqueIdentifier>
    </Filter>
    <Filter Include="Client\Mesh">
      <UniqueIdentifier>{2538f16d-bf90-40f1-bf54-1d25f7b5daf6}</UniqueIdentifier>
    </Filter>
    <Filter Include="Client\Object">
      <UniqueIdentifier>{f1fc3486-60f3-4372-90ef-e09b582ed3e9}</UniqueIdentifier>
    </Filter>
    <Filter Include="Client\Player">
      <UniqueIdentifier>{ee43c79c-dd64-44a9-a692-58355d58507f}</UniqueIdentifier>
    </Filter>
    <Filter Include="Client\Scene">
      <UniqueIdentifier>{f0e331dd-6d79-4e02-90e5-4f369b107225}</UniqueIdentifier>
    </Filter>
    <Filter Include="Client\Shader">
      <UniqueIdentifier>{4cc283cf-67ac-4ca2-b340-cf1789103999}</UniqueIdentifier>
    </Filter>
    <Filter Include="PCH">
      <UniqueIdentifier>{58101a37-66a1-4488-bb74-04f270980c0a}</UniqueIdentifier>
    </Filter>
    <Filter Include="Client\GameTime">
      <UniqueIdentifier>{a904e15a-95f7-4b33-8ae7-49ca06677536}</UniqueIdentifier>
    </Filter>
    <Filter Include="Server">
      <UniqueIdentifier>{17fece3a-1223-4615-bf79-938648c788aa}</UniqueIdentifier>
    </Filter>
    <Filter Include="Client\Shader\Header">
      <UniqueIdentifier>{34b10498-57b7-4056-9c9f-65dfeb52cd31}</UniqueIdentifier>
    </Filter>
    <Filter Include="Client\Shader\Source">
      <UniqueIdentifier>{3356c926-99e3-4425-bde3-b83ccc8b1bb9}</UniqueIdentifier>
    </Filter>
    <Filter Include="Client\Object\Header">
      <UniqueIdentifier>{b1fc585e-8ef8-41f2-9518-d2050459e91e}</UniqueIdentifier>
    </Filter>
    <Filter Include="Client\Object\Source">
      <UniqueIdentifier>{0d2df881-4628-4fcd-929a-92af016d7b38}</UniqueIdentifier>
    </Filter>
    <Filter Include="Client\Mesh\Source">
      <UniqueIdentifier>{3d688e5d-6d6e-4729-b530-2b00d78ecbb2}</UniqueIdentifier>
    </Filter>
    <Filter Include="Client\Mesh\Header">
      <UniqueIdentifier>{ecf0ae2a-561f-4ecb-822d-85198d646bb9}</UniqueIdentifier>
    </Filter>
  </ItemGroup>
  <ItemGroup>
    <ClInclude Include="GameSound.h">
      <Filter>Asset</Filter>
    </ClInclude>
    <ClInclude Include="Camera.h">
      <Filter>Client\Camera</Filter>
    </ClInclude>
    <ClInclude Include="DDSTextureLoader12.h">
      <Filter>Asset</Filter>
    </ClInclude>
    <ClInclude Include="WICTextureLoader12.h">
      <Filter>Asset</Filter>
    </ClInclude>
    <ClInclude Include="GameFramework.h">
      <Filter>Client\FrameWork</Filter>
    </ClInclude>
    <ClInclude Include="REVENGER.h">
      <Filter>Client\Main</Filter>
    </ClInclude>
    <ClInclude Include="Player.h">
      <Filter>Client\Player</Filter>
    </ClInclude>
    <ClInclude Include="Scene.h">
      <Filter>Client\Scene</Filter>
    </ClInclude>
    <ClInclude Include="stdafx.h">
      <Filter>PCH</Filter>
    </ClInclude>
    <ClInclude Include="Timer.h">
      <Filter>Client\GameTime</Filter>
    </ClInclude>
    <ClInclude Include="HumanPlayer.h">
      <Filter>Client\Player</Filter>
    </ClInclude>
    <ClInclude Include="HelicopterPlayer.h">
      <Filter>Client\Player</Filter>
    </ClInclude>
    <ClInclude Include="Stage2.h">
      <Filter>Client\Scene</Filter>
    </ClInclude>
    <ClInclude Include="Stage1.h">
      <Filter>Client\Scene</Filter>
    </ClInclude>
    <ClInclude Include="ObjectsInfo.h">
      <Filter>Server</Filter>
    </ClInclude>
    <ClInclude Include="Network.h">
      <Filter>Server</Filter>
    </ClInclude>
    <ClInclude Include="..\..\..\Server\Server\protocol.h">
      <Filter>Server</Filter>
    </ClInclude>
    <ClInclude Include="BillboardObjectsShader.h">
      <Filter>Client\Shader\Header</Filter>
    </ClInclude>
    <ClInclude Include="MapObjectShaders.h">
      <Filter>Client\Shader\Header</Filter>
    </ClInclude>
    <ClInclude Include="ObjcetsShaderList.h">
      <Filter>Client\Shader\Header</Filter>
    </ClInclude>
    <ClInclude Include="ParticleShader.h">
      <Filter>Client\Shader\Header</Filter>
    </ClInclude>
    <ClInclude Include="SkinAnimationShader.h">
      <Filter>Client\Shader\Header</Filter>
    </ClInclude>
    <ClInclude Include="SkyboxShader.h">
      <Filter>Client\Shader\Header</Filter>
    </ClInclude>
    <ClInclude Include="StandardShader.h">
      <Filter>Client\Shader\Header</Filter>
    </ClInclude>
    <ClInclude Include="TerrainShader.h">
      <Filter>Client\Shader\Header</Filter>
    </ClInclude>
    <ClInclude Include="Shader.h">
      <Filter>Client\Shader\Header</Filter>
    </ClInclude>
    <ClInclude Include="AnimateInfo.h">
      <Filter>Client\Object\Header</Filter>
    </ClInclude>
    <ClInclude Include="BillboardObjects.h">
      <Filter>Client\Object\Header</Filter>
    </ClInclude>
    <ClInclude Include="MissileObject.h">
      <Filter>Client\Object\Header</Filter>
    </ClInclude>
    <ClInclude Include="Object.h">
      <Filter>Client\Object\Header</Filter>
    </ClInclude>
    <ClInclude Include="ParticleObject.h">
      <Filter>Client\Object\Header</Filter>
    </ClInclude>
    <ClInclude Include="Skybox.h">
      <Filter>Client\Object\Header</Filter>
    </ClInclude>
    <ClInclude Include="Terrain.h">
      <Filter>Client\Object\Header</Filter>
    </ClInclude>
    <ClInclude Include="Mesh.h">
      <Filter>Client\Mesh\Header</Filter>
    </ClInclude>
    <ClInclude Include="ParticleMesh.h">
      <Filter>Client\Mesh\Header</Filter>
    </ClInclude>
    <ClInclude Include="SkinMesh.h">
      <Filter>Client\Mesh\Header</Filter>
    </ClInclude>
    <ClInclude Include="TerrainMesh.h">
      <Filter>Client\Mesh\Header</Filter>
    </ClInclude>
    <ClInclude Include="ShadowShader.h">
      <Filter>Client\Shader\Header</Filter>
    </ClInclude>
    <ClInclude Include="IlluminateMesh.h">
      <Filter>Client\Mesh\Header</Filter>
    </ClInclude>
  </ItemGroup>
  <ItemGroup>
    <ClCompile Include="GameSound.cpp">
      <Filter>Asset</Filter>
    </ClCompile>
    <ClCompile Include="Camera.cpp">
      <Filter>Client\Camera</Filter>
    </ClCompile>
    <ClCompile Include="DDSTextureLoader12.cpp">
      <Filter>Asset</Filter>
    </ClCompile>
    <ClCompile Include="WICTextureLoader12.cpp">
      <Filter>Asset</Filter>
    </ClCompile>
    <ClCompile Include="GameFramework.cpp">
      <Filter>Client\FrameWork</Filter>
    </ClCompile>
    <ClCompile Include="REVENGER.cpp">
      <Filter>Client\Main</Filter>
    </ClCompile>
    <ClCompile Include="Player.cpp">
      <Filter>Client\Player</Filter>
    </ClCompile>
    <ClCompile Include="Scene.cpp">
      <Filter>Client\Scene</Filter>
    </ClCompile>
    <ClCompile Include="stdafx.cpp">
      <Filter>PCH</Filter>
    </ClCompile>
    <ClCompile Include="Timer.cpp">
      <Filter>Client\GameTime</Filter>
    </ClCompile>
    <ClCompile Include="HelicopterPlayer.cpp">
      <Filter>Client\Player</Filter>
    </ClCompile>
    <ClCompile Include="HumanPlayer.cpp">
      <Filter>Client\Player</Filter>
    </ClCompile>
    <ClCompile Include="Stage2.cpp">
      <Filter>Client\Scene</Filter>
    </ClCompile>
    <ClCompile Include="Stage1.cpp">
      <Filter>Client\Scene</Filter>
    </ClCompile>
    <ClCompile Include="BillboardObjectsShader.cpp">
      <Filter>Client\Shader\Source</Filter>
    </ClCompile>
    <ClCompile Include="MapObjectShaders.cpp">
      <Filter>Client\Shader\Source</Filter>
    </ClCompile>
    <ClCompile Include="ObjcetsShaderList.cpp">
      <Filter>Client\Shader\Source</Filter>
    </ClCompile>
    <ClCompile Include="SkinAnimationShader.cpp">
      <Filter>Client\Shader\Source</Filter>
    </ClCompile>
    <ClCompile Include="StandardShader.cpp">
      <Filter>Client\Shader\Source</Filter>
    </ClCompile>
    <ClCompile Include="TerrainShader.cpp">
      <Filter>Client\Shader\Source</Filter>
    </ClCompile>
    <ClCompile Include="Shader.cpp">
      <Filter>Client\Shader\Source</Filter>
    </ClCompile>
    <ClCompile Include="ParticleShader.cpp">
      <Filter>Client\Shader\Source</Filter>
    </ClCompile>
    <ClCompile Include="SkyboxShader.cpp">
      <Filter>Client\Shader\Source</Filter>
    </ClCompile>
    <ClCompile Include="MissileObject.cpp">
      <Filter>Client\Object\Source</Filter>
    </ClCompile>
    <ClCompile Include="AnimateInfo.cpp">
      <Filter>Client\Object\Source</Filter>
    </ClCompile>
    <ClCompile Include="BillboardObjects.cpp">
      <Filter>Client\Object\Source</Filter>
    </ClCompile>
    <ClCompile Include="ParticleObject.cpp">
      <Filter>Client\Object\Source</Filter>
    </ClCompile>
    <ClCompile Include="Skybox.cpp">
      <Filter>Client\Object\Source</Filter>
    </ClCompile>
    <ClCompile Include="Terrain.cpp">
      <Filter>Client\Object\Source</Filter>
    </ClCompile>
    <ClCompile Include="Object.cpp">
      <Filter>Client\Object\Header</Filter>
    </ClCompile>
    <ClCompile Include="Mesh.cpp">
      <Filter>Client\Mesh\Source</Filter>
    </ClCompile>
    <ClCompile Include="ParticleMesh.cpp">
      <Filter>Client\Mesh\Source</Filter>
    </ClCompile>
    <ClCompile Include="SkinMesh.cpp">
      <Filter>Client\Mesh\Source</Filter>
    </ClCompile>
    <ClCompile Include="TerrainMesh.cpp">
      <Filter>Client\Mesh\Source</Filter>
    </ClCompile>
    <ClCompile Include="ShadowShader.cpp">
      <Filter>Client\Shader\Source</Filter>
    </ClCompile>
    <ClCompile Include="IlluminateMesh.cpp">
      <Filter>Client\Mesh\Source</Filter>
    </ClCompile>
  </ItemGroup>
  <ItemGroup>
    <ResourceCompile Include="REVENGER.rc">
      <Filter>Resource_File</Filter>
    </ResourceCompile>
  </ItemGroup>
  <ItemGroup>
    <Image Include="small.ico">
      <Filter>Resource_File</Filter>
    </Image>
    <Image Include="REVENGER.ico">
      <Filter>Resource_File</Filter>
    </Image>
  </ItemGroup>
  <ItemGroup>
    <FxCompile Include="Shaders.hlsl">
      <Filter>Asset</Filter>
    </FxCompile>
    <FxCompile Include="Light.hlsl">
      <Filter>Asset</Filter>
    </FxCompile>
    <FxCompile Include="LightShader.hlsl">
      <Filter>Asset</Filter>
    </FxCompile>
  </ItemGroup>
</Project>